
Microsoft Visual Studio Solution File, Format Version 12.00
# Visual Studio 14
VisualStudioVersion = 14.0.25420.1
MinimumVisualStudioVersion = 10.0.40219.1
Project("{F184B08F-C81C-45F6-A57F-5ABD9991F28F}") = "Variables_operaciones", "Variables_operaciones\Variables_operaciones.vbproj", "{0DE9199B-997A-4FA0-A149-485F01D14E5F}"
EndProject
Project("{F184B08F-C81C-45F6-A57F-5ABD9991F28F}") = "estructuras_control_flujo", "estructuras_control_flujo\estructuras_control_flujo.vbproj", "{43B50A9F-9DC8-47CB-8782-DC25F1354F5B}"
EndProject
Project("{F184B08F-C81C-45F6-A57F-5ABD9991F28F}") = "Procedimientos", "Procedimientos\Procedimientos.vbproj", "{777DA259-0475-45A9-A8D1-E5115E320824}"
EndProject
Global
	GlobalSection(SolutionConfigurationPlatforms) = preSolution
		Debug|Any CPU = Debug|Any CPU
		Debug|x64 = Debug|x64
		Debug|x86 = Debug|x86
		Release|Any CPU = Release|Any CPU
		Release|x64 = Release|x64
		Release|x86 = Release|x86
	EndGlobalSection
	GlobalSection(ProjectConfigurationPlatforms) = postSolution
		{0DE9199B-997A-4FA0-A149-485F01D14E5F}.Debug|Any CPU.ActiveCfg = Debug|Any CPU
		{0DE9199B-997A-4FA0-A149-485F01D14E5F}.Debug|Any CPU.Build.0 = Debug|Any CPU
		{0DE9199B-997A-4FA0-A149-485F01D14E5F}.Debug|x64.ActiveCfg = Debug|Any CPU
		{0DE9199B-997A-4FA0-A149-485F01D14E5F}.Debug|x64.Build.0 = Debug|Any CPU
		{0DE9199B-997A-4FA0-A149-485F01D14E5F}.Debug|x86.ActiveCfg = Debug|Any CPU
		{0DE9199B-997A-4FA0-A149-485F01D14E5F}.Debug|x86.Build.0 = Debug|Any CPU
		{0DE9199B-997A-4FA0-A149-485F01D14E5F}.Release|Any CPU.ActiveCfg = Release|Any CPU
		{0DE9199B-997A-4FA0-A149-485F01D14E5F}.Release|Any CPU.Build.0 = Release|Any CPU
		{0DE9199B-997A-4FA0-A149-485F01D14E5F}.Release|x64.ActiveCfg = Release|Any CPU
		{0DE9199B-997A-4FA0-A149-485F01D14E5F}.Release|x64.Build.0 = Release|Any CPU
		{0DE9199B-997A-4FA0-A149-485F01D14E5F}.Release|x86.ActiveCfg = Release|Any CPU
		{0DE9199B-997A-4FA0-A149-485F01D14E5F}.Release|x86.Build.0 = Release|Any CPU
		{43B50A9F-9DC8-47CB-8782-DC25F1354F5B}.Debug|Any CPU.ActiveCfg = Debug|Any CPU
		{43B50A9F-9DC8-47CB-8782-DC25F1354F5B}.Debug|Any CPU.Build.0 = Debug|Any CPU
		{43B50A9F-9DC8-47CB-8782-DC25F1354F5B}.Debug|x64.ActiveCfg = Debug|Any CPU
		{43B50A9F-9DC8-47CB-8782-DC25F1354F5B}.Debug|x64.Build.0 = Debug|Any CPU
		{43B50A9F-9DC8-47CB-8782-DC25F1354F5B}.Debug|x86.ActiveCfg = Debug|Any CPU
		{43B50A9F-9DC8-47CB-8782-DC25F1354F5B}.Debug|x86.Build.0 = Debug|Any CPU
		{43B50A9F-9DC8-47CB-8782-DC25F1354F5B}.Release|Any CPU.ActiveCfg = Release|Any CPU
		{43B50A9F-9DC8-47CB-8782-DC25F1354F5B}.Release|Any CPU.Build.0 = Release|Any CPU
		{43B50A9F-9DC8-47CB-8782-DC25F1354F5B}.Release|x64.ActiveCfg = Release|Any CPU
		{43B50A9F-9DC8-47CB-8782-DC25F1354F5B}.Release|x64.Build.0 = Release|Any CPU
		{43B50A9F-9DC8-47CB-8782-DC25F1354F5B}.Release|x86.ActiveCfg = Release|Any CPU
		{43B50A9F-9DC8-47CB-8782-DC25F1354F5B}.Release|x86.Build.0 = Release|Any CPU
		{777DA259-0475-45A9-A8D1-E5115E320824}.Debug|Any CPU.ActiveCfg = Debug|Any CPU
		{777DA259-0475-45A9-A8D1-E5115E320824}.Debug|Any CPU.Build.0 = Debug|Any CPU
		{777DA259-0475-45A9-A8D1-E5115E320824}.Debug|x64.ActiveCfg = Debug|Any CPU
		{777DA259-0475-45A9-A8D1-E5115E320824}.Debug|x64.Build.0 = Debug|Any CPU
		{777DA259-0475-45A9-A8D1-E5115E320824}.Debug|x86.ActiveCfg = Debug|Any CPU
		{777DA259-0475-45A9-A8D1-E5115E320824}.Debug|x86.Build.0 = Debug|Any CPU
		{777DA259-0475-45A9-A8D1-E5115E320824}.Release|Any CPU.ActiveCfg = Release|Any CPU
		{777DA259-0475-45A9-A8D1-E5115E320824}.Release|Any CPU.Build.0 = Release|Any CPU
		{777DA259-0475-45A9-A8D1-E5115E320824}.Release|x64.ActiveCfg = Release|Any CPU
		{777DA259-0475-45A9-A8D1-E5115E320824}.Release|x64.Build.0 = Release|Any CPU
		{777DA259-0475-45A9-A8D1-E5115E320824}.Release|x86.ActiveCfg = Release|Any CPU
		{777DA259-0475-45A9-A8D1-E5115E320824}.Release|x86.Build.0 = Release|Any CPU
	EndGlobalSection
	GlobalSection(SolutionProperties) = preSolution
		HideSolutionNode = FALSE
	EndGlobalSection
EndGlobal
